
Microsoft Visual Studio Solution File, Format Version 12.00
# Visual Studio 15
VisualStudioVersion = 15.0.26730.12
MinimumVisualStudioVersion = 10.0.40219.1
Project("{FAE04EC0-301F-11D3-BF4B-00C04F79EFBC}") = "WcfRestService_Client", "WcfRestService_Client\WcfRestService_Client.csproj", "{EA0B1841-5BD4-4FBD-A6DE-6F9F49EEFCF7}"
EndProject
Project("{FAE04EC0-301F-11D3-BF4B-00C04F79EFBC}") = "RosreestrRestClient", "RosreestrRestClient\RosreestrRestClient.csproj", "{90AE39C8-99AE-4B4C-BBA0-4FDF1E1FC9D8}"
EndProject
Global
	GlobalSection(SolutionConfigurationPlatforms) = preSolution
		Debug|Any CPU = Debug|Any CPU
		Release|Any CPU = Release|Any CPU
	EndGlobalSection
	GlobalSection(ProjectConfigurationPlatforms) = postSolution
		{EA0B1841-5BD4-4FBD-A6DE-6F9F49EEFCF7}.Debug|Any CPU.ActiveCfg = Debug|Any CPU
		{EA0B1841-5BD4-4FBD-A6DE-6F9F49EEFCF7}.Debug|Any CPU.Build.0 = Debug|Any CPU
		{EA0B1841-5BD4-4FBD-A6DE-6F9F49EEFCF7}.Release|Any CPU.ActiveCfg = Release|Any CPU
		{EA0B1841-5BD4-4FBD-A6DE-6F9F49EEFCF7}.Release|Any CPU.Build.0 = Release|Any CPU
		{90AE39C8-99AE-4B4C-BBA0-4FDF1E1FC9D8}.Debug|Any CPU.ActiveCfg = Debug|Any CPU
		{90AE39C8-99AE-4B4C-BBA0-4FDF1E1FC9D8}.Debug|Any CPU.Build.0 = Debug|Any CPU
		{90AE39C8-99AE-4B4C-BBA0-4FDF1E1FC9D8}.Release|Any CPU.ActiveCfg = Release|Any CPU
		{90AE39C8-99AE-4B4C-BBA0-4FDF1E1FC9D8}.Release|Any CPU.Build.0 = Release|Any CPU
	EndGlobalSection
	GlobalSection(SolutionProperties) = preSolution
		HideSolutionNode = FALSE
	EndGlobalSection
	GlobalSection(ExtensibilityGlobals) = postSolution
		SolutionGuid = {0AAD4B46-94BC-48C7-A6E6-CBBE516F965F}
	EndGlobalSection
EndGlobal
